<?xml version="1.0" encoding="utf-8"?>
<Project ToolsVersion="4.0" xmlns="http://schemas.microsoft.com/developer/msbuild/2003">
  <ItemGroup>
    <Filter Include="Experimental">
      <UniqueIdentifier>{506b7e99-9bab-4b40-856f-aec6ab18cb69}</UniqueIdentifier>
    </Filter>
    <Filter Include="scripts">
      <UniqueIdentifier>{90719b4c-bbca-4201-a13c-b61f7ad8125a}</UniqueIdentifier>
    </Filter>
    <Filter Include="lua-binding">
      <UniqueIdentifier>{e310ad81-ffc3-48c6-b0ad-e9732a67d516}</UniqueIdentifier>
    </Filter>
  </ItemGroup>
  <ItemGroup>
    <ClCompile Include="App.cpp" />
    <ClCompile Include="GameState.cpp" />
    <ClCompile Include="GameStateMachine.cpp" />
    <ClCompile Include="Input.cpp" />
    <ClCompile Include="main.cpp" />
    <ClCompile Include="MapState.cpp" />
    <ClCompile Include="MenuState.cpp" />
    <ClCompile Include="SoundManager.cpp" />
    <ClCompile Include="Sprite.cpp" />
    <ClCompile Include="TextureManager.cpp" />
    <ClCompile Include="win32Main.cpp" />
    <ClCompile Include="Font.cpp" />
    <ClCompile Include="Utility.cpp" />
    <ClCompile Include="ExperimentalFont.cpp" />
    <ClCompile Include="GameObject.cpp" />
    <ClCompile Include="lua_audio.cpp">
      <Filter>lua-binding</Filter>
    </ClCompile>
    <ClCompile Include="lua_font.cpp">
      <Filter>lua-binding</Filter>
    </ClCompile>
    <ClCompile Include="lua_input.cpp">
      <Filter>lua-binding</Filter>
    </ClCompile>
    <ClCompile Include="lua_prot.cpp">
      <Filter>lua-binding</Filter>
    </ClCompile>
    <ClCompile Include="lua_sprite.cpp">
      <Filter>lua-binding</Filter>
    </ClCompile>
    <ClCompile Include="lua_texture.cpp">
      <Filter>lua-binding</Filter>
    </ClCompile>
  </ItemGroup>
  <ItemGroup>
    <ClInclude Include="App.h" />
    <ClInclude Include="Constants.h" />
    <ClInclude Include="GameState.h" />
    <ClInclude Include="GameStateMachine.h" />
    <ClInclude Include="Input.h" />
    <ClInclude Include="MapState.h" />
    <ClInclude Include="MenuState.h" />
    <ClInclude Include="Point.h" />
    <ClInclude Include="Rectangle.h" />
    <ClInclude Include="SoundManager.h" />
    <ClInclude Include="Sprite.h" />
    <ClInclude Include="TextureManager.h" />
    <ClInclude Include="Vector2D.h" />
    <ClInclude Include="Font.h" />
    <ClInclude Include="Utility.h" />
    <ClInclude Include="ExperimentalFont.h" />
    <ClInclude Include="GameObject.h" />
    <ClInclude Include="lua_audio.h">
      <Filter>lua-binding</Filter>
    </ClInclude>
    <ClInclude Include="lua_font.h">
      <Filter>lua-binding</Filter>
    </ClInclude>
    <ClInclude Include="lua_input.h">
      <Filter>lua-binding</Filter>
    </ClInclude>
    <ClInclude Include="lua_sprite.h">
      <Filter>lua-binding</Filter>
    </ClInclude>
    <ClInclude Include="lua_tbl.h">
      <Filter>lua-binding</Filter>
    </ClInclude>
    <ClInclude Include="lua_texture.h">
      <Filter>lua-binding</Filter>
    </ClInclude>
  </ItemGroup>
  <ItemGroup>
    <None Include="scripts\image.lua">
      <Filter>scripts</Filter>
    </None>
    <None Include="scripts\main.lua">
      <Filter>scripts</Filter>
    </None>
    <None Include="scripts\Font.lua">
      <Filter>scripts</Filter>
    </None>
    <None Include="README.md" />
    <None Include="packages.config" />
  </ItemGroup>
</Project>