<?xml version="1.0" encoding="utf-8"?>
<Project ToolsVersion="4.0" xmlns="http://schemas.microsoft.com/developer/msbuild/2003">
  <ItemGroup>
    <Filter Include="Include">
      <UniqueIdentifier>{f7a4282d-ac7f-4ab1-be45-3affc6b63f6d}</UniqueIdentifier>
    </Filter>
    <Filter Include="Src">
      <UniqueIdentifier>{147570a7-f8e3-4d30-a818-b13e05be7102}</UniqueIdentifier>
    </Filter>
  </ItemGroup>
  <ItemGroup>
    <ClInclude Include="initial\include\App.h">
      <Filter>Include</Filter>
    </ClInclude>
    <ClInclude Include="initial\include\Constants.h">
      <Filter>Include</Filter>
    </ClInclude>
    <ClInclude Include="initial\include\GameState.h">
      <Filter>Include</Filter>
    </ClInclude>
    <ClInclude Include="initial\include\GameStateMachine.h">
      <Filter>Include</Filter>
    </ClInclude>
    <ClInclude Include="initial\include\Input.h">
      <Filter>Include</Filter>
    </ClInclude>
    <ClInclude Include="initial\include\MapState.h">
      <Filter>Include</Filter>
    </ClInclude>
    <ClInclude Include="initial\include\MenuState.h">
      <Filter>Include</Filter>
    </ClInclude>
    <ClInclude Include="initial\include\Point.h">
      <Filter>Include</Filter>
    </ClInclude>
    <ClInclude Include="initial\include\Rectangle.h">
      <Filter>Include</Filter>
    </ClInclude>
    <ClInclude Include="initial\include\SoundManager.h">
      <Filter>Include</Filter>
    </ClInclude>
    <ClInclude Include="initial\include\Sprite.h">
      <Filter>Include</Filter>
    </ClInclude>
    <ClInclude Include="initial\include\TextureManager.h">
      <Filter>Include</Filter>
    </ClInclude>
    <ClInclude Include="initial\include\Vector2D.h">
      <Filter>Include</Filter>
    </ClInclude>
  </ItemGroup>
  <ItemGroup>
    <ClCompile Include="initial\src\App.cpp">
      <Filter>Src</Filter>
    </ClCompile>
    <ClCompile Include="initial\src\GameState.cpp">
      <Filter>Src</Filter>
    </ClCompile>
    <ClCompile Include="initial\src\GameStateMachine.cpp">
      <Filter>Src</Filter>
    </ClCompile>
    <ClCompile Include="initial\src\Input.cpp">
      <Filter>Src</Filter>
    </ClCompile>
    <ClCompile Include="initial\src\SoundManager.cpp">
      <Filter>Src</Filter>
    </ClCompile>
    <ClCompile Include="initial\src\Sprite.cpp">
      <Filter>Src</Filter>
    </ClCompile>
    <ClCompile Include="initial\src\TextureManager.cpp">
      <Filter>Src</Filter>
    </ClCompile>
  </ItemGroup>
</Project>