
Microsoft Visual Studio Solution File, Format Version 12.00
# Visual Studio 14
VisualStudioVersion = 14.0.25123.0
MinimumVisualStudioVersion = 10.0.40219.1
Project("{8BC9CEB8-8B4A-11D0-8D11-00A0C91BC942}") = "Initial2D", "Initial2D.vcxproj", "{F4051E31-887A-4919-8B7B-C68F393F4E71}"
EndProject
Project("{8BC9CEB8-8B4A-11D0-8D11-00A0C91BC942}") = "luaLib", "lua\luaLib\luaLib.vcxproj", "{424144CD-ADDF-44A9-BFCD-5A216D14A423}"
	ProjectSection(ProjectDependencies) = postProject
		{F4051E31-887A-4919-8B7B-C68F393F4E71} = {F4051E31-887A-4919-8B7B-C68F393F4E71}
	EndProjectSection
EndProject
Project("{8BC9CEB8-8B4A-11D0-8D11-00A0C91BC942}") = "Json", "json\Json\Json.vcxproj", "{24D00579-AF7A-4D31-9D54-3F38E70EAD41}"
EndProject
Project("{FAE04EC0-301F-11D3-BF4B-00C04F79EFBC}") = "Editor", "Editor\Editor.csproj", "{F53076AB-E0EA-4B9F-899F-20A3A9ECDF12}"
EndProject
Global
	GlobalSection(SolutionConfigurationPlatforms) = preSolution
		Debug|Any CPU = Debug|Any CPU
		Debug|x64 = Debug|x64
		Debug|x86 = Debug|x86
		Release|Any CPU = Release|Any CPU
		Release|x64 = Release|x64
		Release|x86 = Release|x86
		Test|Any CPU = Test|Any CPU
		Test|x64 = Test|x64
		Test|x86 = Test|x86
	EndGlobalSection
	GlobalSection(ProjectConfigurationPlatforms) = postSolution
		{F4051E31-887A-4919-8B7B-C68F393F4E71}.Debug|Any CPU.ActiveCfg = Debug|Win32
		{F4051E31-887A-4919-8B7B-C68F393F4E71}.Debug|x64.ActiveCfg = Debug|x64
		{F4051E31-887A-4919-8B7B-C68F393F4E71}.Debug|x64.Build.0 = Debug|x64
		{F4051E31-887A-4919-8B7B-C68F393F4E71}.Debug|x86.ActiveCfg = Debug|Win32
		{F4051E31-887A-4919-8B7B-C68F393F4E71}.Release|Any CPU.ActiveCfg = Release|Win32
		{F4051E31-887A-4919-8B7B-C68F393F4E71}.Release|x64.ActiveCfg = Release|x64
		{F4051E31-887A-4919-8B7B-C68F393F4E71}.Release|x64.Build.0 = Release|x64
		{F4051E31-887A-4919-8B7B-C68F393F4E71}.Release|x86.ActiveCfg = Release|Win32
		{F4051E31-887A-4919-8B7B-C68F393F4E71}.Test|Any CPU.ActiveCfg = Test|Win32
		{F4051E31-887A-4919-8B7B-C68F393F4E71}.Test|x64.ActiveCfg = Test|x64
		{F4051E31-887A-4919-8B7B-C68F393F4E71}.Test|x86.ActiveCfg = Test|Win32
		{424144CD-ADDF-44A9-BFCD-5A216D14A423}.Debug|Any CPU.ActiveCfg = Debug|Win32
		{424144CD-ADDF-44A9-BFCD-5A216D14A423}.Debug|x64.ActiveCfg = Debug|x64
		{424144CD-ADDF-44A9-BFCD-5A216D14A423}.Debug|x64.Build.0 = Debug|x64
		{424144CD-ADDF-44A9-BFCD-5A216D14A423}.Debug|x86.ActiveCfg = Debug|Win32
		{424144CD-ADDF-44A9-BFCD-5A216D14A423}.Debug|x86.Build.0 = Debug|Win32
		{424144CD-ADDF-44A9-BFCD-5A216D14A423}.Release|Any CPU.ActiveCfg = Release|Win32
		{424144CD-ADDF-44A9-BFCD-5A216D14A423}.Release|x64.ActiveCfg = Release|x64
		{424144CD-ADDF-44A9-BFCD-5A216D14A423}.Release|x64.Build.0 = Release|x64
		{424144CD-ADDF-44A9-BFCD-5A216D14A423}.Release|x86.ActiveCfg = Release|Win32
		{424144CD-ADDF-44A9-BFCD-5A216D14A423}.Release|x86.Build.0 = Release|Win32
		{424144CD-ADDF-44A9-BFCD-5A216D14A423}.Test|Any CPU.ActiveCfg = Test|Win32
		{424144CD-ADDF-44A9-BFCD-5A216D14A423}.Test|x64.ActiveCfg = Test|x64
		{424144CD-ADDF-44A9-BFCD-5A216D14A423}.Test|x86.ActiveCfg = Test|Win32
		{24D00579-AF7A-4D31-9D54-3F38E70EAD41}.Debug|Any CPU.ActiveCfg = Debug|Win32
		{24D00579-AF7A-4D31-9D54-3F38E70EAD41}.Debug|x64.ActiveCfg = Debug|x64
		{24D00579-AF7A-4D31-9D54-3F38E70EAD41}.Debug|x64.Build.0 = Debug|x64
		{24D00579-AF7A-4D31-9D54-3F38E70EAD41}.Debug|x86.ActiveCfg = Debug|Win32
		{24D00579-AF7A-4D31-9D54-3F38E70EAD41}.Debug|x86.Build.0 = Debug|Win32
		{24D00579-AF7A-4D31-9D54-3F38E70EAD41}.Release|Any CPU.ActiveCfg = Release|Win32
		{24D00579-AF7A-4D31-9D54-3F38E70EAD41}.Release|x64.ActiveCfg = Release|x64
		{24D00579-AF7A-4D31-9D54-3F38E70EAD41}.Release|x64.Build.0 = Release|x64
		{24D00579-AF7A-4D31-9D54-3F38E70EAD41}.Release|x86.ActiveCfg = Release|Win32
		{24D00579-AF7A-4D31-9D54-3F38E70EAD41}.Release|x86.Build.0 = Release|Win32
		{24D00579-AF7A-4D31-9D54-3F38E70EAD41}.Test|Any CPU.ActiveCfg = Test|Win32
		{24D00579-AF7A-4D31-9D54-3F38E70EAD41}.Test|x64.ActiveCfg = Test|x64
		{24D00579-AF7A-4D31-9D54-3F38E70EAD41}.Test|x86.ActiveCfg = Test|Win32
		{F53076AB-E0EA-4B9F-899F-20A3A9ECDF12}.Debug|Any CPU.ActiveCfg = Debug|Any CPU
		{F53076AB-E0EA-4B9F-899F-20A3A9ECDF12}.Debug|Any CPU.Build.0 = Debug|Any CPU
		{F53076AB-E0EA-4B9F-899F-20A3A9ECDF12}.Debug|x64.ActiveCfg = Debug|Any CPU
		{F53076AB-E0EA-4B9F-899F-20A3A9ECDF12}.Debug|x64.Build.0 = Debug|Any CPU
		{F53076AB-E0EA-4B9F-899F-20A3A9ECDF12}.Debug|x86.ActiveCfg = Debug|Any CPU
		{F53076AB-E0EA-4B9F-899F-20A3A9ECDF12}.Debug|x86.Build.0 = Debug|Any CPU
		{F53076AB-E0EA-4B9F-899F-20A3A9ECDF12}.Release|Any CPU.ActiveCfg = Release|Any CPU
		{F53076AB-E0EA-4B9F-899F-20A3A9ECDF12}.Release|Any CPU.Build.0 = Release|Any CPU
		{F53076AB-E0EA-4B9F-899F-20A3A9ECDF12}.Release|x64.ActiveCfg = Release|Any CPU
		{F53076AB-E0EA-4B9F-899F-20A3A9ECDF12}.Release|x64.Build.0 = Release|Any CPU
		{F53076AB-E0EA-4B9F-899F-20A3A9ECDF12}.Release|x86.ActiveCfg = Release|Any CPU
		{F53076AB-E0EA-4B9F-899F-20A3A9ECDF12}.Release|x86.Build.0 = Release|Any CPU
		{F53076AB-E0EA-4B9F-899F-20A3A9ECDF12}.Test|Any CPU.ActiveCfg = Release|Any CPU
		{F53076AB-E0EA-4B9F-899F-20A3A9ECDF12}.Test|Any CPU.Build.0 = Release|Any CPU
		{F53076AB-E0EA-4B9F-899F-20A3A9ECDF12}.Test|x64.ActiveCfg = Release|Any CPU
		{F53076AB-E0EA-4B9F-899F-20A3A9ECDF12}.Test|x64.Build.0 = Release|Any CPU
		{F53076AB-E0EA-4B9F-899F-20A3A9ECDF12}.Test|x86.ActiveCfg = Release|Any CPU
		{F53076AB-E0EA-4B9F-899F-20A3A9ECDF12}.Test|x86.Build.0 = Release|Any CPU
	EndGlobalSection
	GlobalSection(SolutionProperties) = preSolution
		HideSolutionNode = FALSE
	EndGlobalSection
EndGlobal
