<?xml version="1.0" encoding="utf-8"?>
<Project ToolsVersion="4.0" xmlns="http://schemas.microsoft.com/developer/msbuild/2003">
  <ItemGroup>
    <ClCompile Include="..\src\main.cpp" />
    <ClCompile Include="..\src\win32Main.cpp" />
    <ClCompile Include="..\src\MapState.cpp" />
    <ClCompile Include="..\src\MenuState.cpp" />
    <ClCompile Include="..\src\lua\lapi.cpp" />
    <ClCompile Include="..\src\lua\lauxlib.cpp" />
    <ClCompile Include="..\src\lua\lbaselib.cpp" />
    <ClCompile Include="..\src\lua\lbitlib.cpp" />
    <ClCompile Include="..\src\lua\lcode.cpp" />
    <ClCompile Include="..\src\lua\lcorolib.cpp" />
    <ClCompile Include="..\src\lua\lctype.cpp" />
    <ClCompile Include="..\src\lua\ldblib.cpp" />
    <ClCompile Include="..\src\lua\ldebug.cpp" />
    <ClCompile Include="..\src\lua\ldo.cpp" />
    <ClCompile Include="..\src\lua\ldump.cpp" />
    <ClCompile Include="..\src\lua\lfunc.cpp" />
    <ClCompile Include="..\src\lua\lgc.cpp" />
    <ClCompile Include="..\src\lua\linit.cpp" />
    <ClCompile Include="..\src\lua\liolib.cpp" />
    <ClCompile Include="..\src\lua\llex.cpp" />
    <ClCompile Include="..\src\lua\lmathlib.cpp" />
    <ClCompile Include="..\src\lua\lmem.cpp" />
    <ClCompile Include="..\src\lua\loadlib.cpp" />
    <ClCompile Include="..\src\lua\lobject.cpp" />
    <ClCompile Include="..\src\lua\lopcodes.cpp" />
    <ClCompile Include="..\src\lua\loslib.cpp" />
    <ClCompile Include="..\src\lua\lparser.cpp" />
    <ClCompile Include="..\src\lua\lstate.cpp" />
    <ClCompile Include="..\src\lua\lstring.cpp" />
    <ClCompile Include="..\src\lua\lstrlib.cpp" />
    <ClCompile Include="..\src\lua\ltable.cpp" />
    <ClCompile Include="..\src\lua\ltablib.cpp" />
    <ClCompile Include="..\src\lua\ltm.cpp" />
    <ClCompile Include="..\src\lua\lundump.cpp" />
    <ClCompile Include="..\src\lua\lutf8lib.cpp" />
    <ClCompile Include="..\src\lua\lvm.cpp" />
    <ClCompile Include="..\src\lua\lzio.cpp" />
    <ClCompile Include="lua_tbl.cpp" />
  </ItemGroup>
  <ItemGroup>
    <ClInclude Include="..\src\MapState.h" />
    <ClInclude Include="..\src\MenuState.h" />
    <ClInclude Include="..\src\lua\lapi.h" />
    <ClInclude Include="..\src\lua\lauxlib.h" />
    <ClInclude Include="..\src\lua\lcode.h" />
    <ClInclude Include="..\src\lua\lctype.h" />
    <ClInclude Include="..\src\lua\ldebug.h" />
    <ClInclude Include="..\src\lua\ldo.h" />
    <ClInclude Include="..\src\lua\lfunc.h" />
    <ClInclude Include="..\src\lua\lgc.h" />
    <ClInclude Include="..\src\lua\llex.h" />
    <ClInclude Include="..\src\lua\llimits.h" />
    <ClInclude Include="..\src\lua\lmem.h" />
    <ClInclude Include="..\src\lua\lobject.h" />
    <ClInclude Include="..\src\lua\lopcodes.h" />
    <ClInclude Include="..\src\lua\lparser.h" />
    <ClInclude Include="..\src\lua\lprefix.h" />
    <ClInclude Include="..\src\lua\lstate.h" />
    <ClInclude Include="..\src\lua\lstring.h" />
    <ClInclude Include="..\src\lua\ltable.h" />
    <ClInclude Include="..\src\lua\ltm.h" />
    <ClInclude Include="..\src\lua\lua.hpp" />
    <ClInclude Include="..\src\lua\luaconf.h" />
    <ClInclude Include="..\src\lua\lualib.h" />
    <ClInclude Include="..\src\lua\lundump.h" />
    <ClInclude Include="..\src\lua\lvm.h" />
    <ClInclude Include="..\src\lua\lzio.h" />
    <ClInclude Include="..\src\lua\lua.h" />
    <ClInclude Include="lua_tbl.h" />
  </ItemGroup>
</Project>